
Microsoft Visual Studio Solution File, Format Version 12.00
# Visual Studio Version 16
VisualStudioVersion = 16.0.31025.194
MinimumVisualStudioVersion = 10.0.40219.1
Project("{FAE04EC0-301F-11D3-BF4B-00C04F79EFBC}") = "HesaplamaOdev", "HesaplamaOdev\HesaplamaOdev.csproj", "{FB68A5DC-0236-42C8-803E-022E67721CA5}"
EndProject
Global
	GlobalSection(SolutionConfigurationPlatforms) = preSolution
		Debug|Any CPU = Debug|Any CPU
		Release|Any CPU = Release|Any CPU
	EndGlobalSection
	GlobalSection(ProjectConfigurationPlatforms) = postSolution
		{FB68A5DC-0236-42C8-803E-022E67721CA5}.Debug|Any CPU.ActiveCfg = Debug|Any CPU
		{FB68A5DC-0236-42C8-803E-022E67721CA5}.Debug|Any CPU.Build.0 = Debug|Any CPU
		{FB68A5DC-0236-42C8-803E-022E67721CA5}.Release|Any CPU.ActiveCfg = Release|Any CPU
		{FB68A5DC-0236-42C8-803E-022E67721CA5}.Release|Any CPU.Build.0 = Release|Any CPU
	EndGlobalSection
	GlobalSection(SolutionProperties) = preSolution
		HideSolutionNode = FALSE
	EndGlobalSection
	GlobalSection(ExtensibilityGlobals) = postSolution
		SolutionGuid = {1E12C977-2F94-442D-B88C-415BB0F58DB4}
	EndGlobalSection
EndGlobal
